<Project ToolsVersion="4.0" xmlns="http://schemas.microsoft.com/developer/msbuild/2003">
  <ItemGroup>
    <Filter Include="Header Files">
      <UniqueIdentifier>{54321098-3210-4321-9999-AAAAAAAAAAAA}</UniqueIdentifier>
    </Filter>
    <Filter Include="Source Files">
      <UniqueIdentifier>{09876543-2109-8765-BBBB-BBBBBBBBBBBB}</UniqueIdentifier>
    </Filter>
  </ItemGroup>

  <ItemGroup>
    <ClInclude Include="include\core_build.h">
      <Filter>Header Files</Filter>
    </ClInclude>
    <ClInclude Include="include\downloader.h">
      <Filter>Header Files</Filter>
    </ClInclude>
    <ClInclude Include="include\gui.h">
      <Filter>Header Files</Filter>
    </ClInclude>
    <ClInclude Include="include\locale.h">
      <Filter>Header Files</Filter>
    </ClInclude>
    <ClInclude Include="include\logger.h">
      <Filter>Header Files</Filter>
    </ClInclude>
    <ClInclude Include="include\packer.h">
      <Filter>Header Files</Filter>
    </ClInclude>
    <ClInclude Include="include\unzip.h">
      <Filter>Header Files</Filter>
    </ClInclude>
  </ItemGroup>

  <ItemGroup>
    <ClCompile Include="src\core_build.cpp">
      <Filter>Source Files</Filter>
    </ClCompile>
    <ClCompile Include="src\downloader.cpp">
      <Filter>Source Files</Filter>
    </ClCompile>
    <ClCompile Include="src\gui.cpp">
      <Filter>Source Files</Filter>
    </ClCompile>
    <ClCompile Include="src\locale.cpp">
      <Filter>Source Files</Filter>
    </ClCompile>
    <ClCompile Include="src\logger.cpp">
      <Filter>Source Files</Filter>
    </ClCompile>
    <ClCompile Include="src\packer.cpp">
      <Filter>Source Files</Filter>
    </ClCompile>
    <ClCompile Include="src\unzip.cpp">
      <Filter>Source Files</Filter>
    </ClCompile>
  </ItemGroup>
</Project>
